<?xml version="1.0" encoding="utf-8"?>
<Project ToolsVersion="4.0" xmlns="http://schemas.microsoft.com/developer/msbuild/2003">
  <ItemGroup>
    <Filter Include="Source Files">
      <UniqueIdentifier>{4FC737F1-C7A5-4376-A066-2A32D752A2FF}</UniqueIdentifier>
      <Extensions>cpp;c;cc;cxx;def;odl;idl;hpj;bat;asm;asmx</Extensions>
    </Filter>
    <Filter Include="Header Files">
      <UniqueIdentifier>{93995380-89BD-4b04-88EB-625FBE52EBFB}</UniqueIdentifier>
      <Extensions>h;hh;hpp;hxx;hm;inl;inc;ipp;xsd</Extensions>
    </Filter>
    <Filter Include="Resource Files">
      <UniqueIdentifier>{67DA6AB6-F800-4c08-8B7A-83BB121AAD01}</UniqueIdentifier>
      <Extensions>rc;ico;cur;bmp;dlg;rc2;rct;bin;rgs;gif;jpg;jpeg;jpe;resx;tiff;tif;png;wav;mfcribbon-ms</Extensions>
    </Filter>
    <Filter Include="Source Files\sprites">
      <UniqueIdentifier>{d68c6156-b7e2-4478-804d-9b10bb824033}</UniqueIdentifier>
    </Filter>
    <Filter Include="Header Files\Backgrounds">
      <UniqueIdentifier>{e38495ea-4e5f-44bd-9afb-26399d679370}</UniqueIdentifier>
    </Filter>
    <Filter Include="Header Files\Sprites">
      <UniqueIdentifier>{2c2710ff-4f4a-4e4d-8422-1a8b26c38491}</UniqueIdentifier>
    </Filter>
  </ItemGroup>
  <ItemGroup>
    <ClCompile Include="source\main.cpp">
      <Filter>Source Files</Filter>
    </ClCompile>
    <ClCompile Include="source\Backgrounds\background.cpp">
      <Filter>Source Files</Filter>
    </ClCompile>
    <ClCompile Include="source\Sprites\Sprite.cpp">
      <Filter>Source Files\sprites</Filter>
    </ClCompile>
    <ClCompile Include="source\Game.cpp">
      <Filter>Source Files</Filter>
    </ClCompile>
  </ItemGroup>
  <ItemGroup>
    <None Include="Makefile" />
  </ItemGroup>
  <ItemGroup>
    <ClInclude Include="include\Game.h">
      <Filter>Header Files</Filter>
    </ClInclude>
    <ClInclude Include="include\Sprites\ball.h">
      <Filter>Header Files\Sprites</Filter>
    </ClInclude>
    <ClInclude Include="include\Sprites\brick.h">
      <Filter>Header Files\Sprites</Filter>
    </ClInclude>
    <ClInclude Include="include\Sprites\paddle.h">
      <Filter>Header Files\Sprites</Filter>
    </ClInclude>
    <ClInclude Include="include\Sprites\palettes.h">
      <Filter>Header Files\Sprites</Filter>
    </ClInclude>
    <ClInclude Include="include\Sprites\Sprite.h">
      <Filter>Header Files\Sprites</Filter>
    </ClInclude>
    <ClInclude Include="include\Backgrounds\background.h">
      <Filter>Header Files\Backgrounds</Filter>
    </ClInclude>
  </ItemGroup>
</Project>