
Microsoft Visual Studio Solution File, Format Version 12.00
# Visual Studio 15
VisualStudioVersion = 15.0.28307.489
MinimumVisualStudioVersion = 10.0.40219.1
Project("{8BC9CEB8-8B4A-11D0-8D11-00A0C91BC942}") = "BrickBreaker", "BrickBreaker.vcxproj", "{CCCD9D39-A676-4D18-9950-CE1869B5B94D}"
EndProject
Project("{8BC9CEB8-8B4A-11D0-8D11-00A0C91BC942}") = "Engine", "..\NDSEngine\Engine\Engine.vcxproj", "{75434F9D-9FAC-42B5-8E7F-EACCA96F005B}"
EndProject
Project("{2150E333-8FDC-42A3-9474-1A3956D46DE8}") = "_Engine", "_Engine", "{AAA1E04D-F9AD-4A86-878C-FAAE647CD8BD}"
EndProject
Project("{2150E333-8FDC-42A3-9474-1A3956D46DE8}") = "Game", "Game", "{9BB6635F-4F2A-41F1-872D-3ADD8436D85D}"
EndProject
Global
	GlobalSection(SolutionConfigurationPlatforms) = preSolution
		Debug|Win32 = Debug|Win32
		Debug|x86 = Debug|x86
		Release|Win32 = Release|Win32
		Release|x86 = Release|x86
	EndGlobalSection
	GlobalSection(ProjectConfigurationPlatforms) = postSolution
		{CCCD9D39-A676-4D18-9950-CE1869B5B94D}.Debug|Win32.ActiveCfg = Debug|Win32
		{CCCD9D39-A676-4D18-9950-CE1869B5B94D}.Debug|Win32.Build.0 = Debug|Win32
		{CCCD9D39-A676-4D18-9950-CE1869B5B94D}.Debug|x86.ActiveCfg = Debug|Win32
		{CCCD9D39-A676-4D18-9950-CE1869B5B94D}.Debug|x86.Build.0 = Debug|Win32
		{CCCD9D39-A676-4D18-9950-CE1869B5B94D}.Release|Win32.ActiveCfg = Release|Win32
		{CCCD9D39-A676-4D18-9950-CE1869B5B94D}.Release|Win32.Build.0 = Release|Win32
		{CCCD9D39-A676-4D18-9950-CE1869B5B94D}.Release|x86.ActiveCfg = Release|Win32
		{CCCD9D39-A676-4D18-9950-CE1869B5B94D}.Release|x86.Build.0 = Release|Win32
		{75434F9D-9FAC-42B5-8E7F-EACCA96F005B}.Debug|Win32.ActiveCfg = Debug|Win32
		{75434F9D-9FAC-42B5-8E7F-EACCA96F005B}.Debug|Win32.Build.0 = Debug|Win32
		{75434F9D-9FAC-42B5-8E7F-EACCA96F005B}.Debug|x86.ActiveCfg = Debug|Win32
		{75434F9D-9FAC-42B5-8E7F-EACCA96F005B}.Debug|x86.Build.0 = Debug|Win32
		{75434F9D-9FAC-42B5-8E7F-EACCA96F005B}.Release|Win32.ActiveCfg = Release|Win32
		{75434F9D-9FAC-42B5-8E7F-EACCA96F005B}.Release|Win32.Build.0 = Release|Win32
		{75434F9D-9FAC-42B5-8E7F-EACCA96F005B}.Release|x86.ActiveCfg = Release|Win32
		{75434F9D-9FAC-42B5-8E7F-EACCA96F005B}.Release|x86.Build.0 = Release|Win32
	EndGlobalSection
	GlobalSection(SolutionProperties) = preSolution
		HideSolutionNode = FALSE
	EndGlobalSection
	GlobalSection(NestedProjects) = preSolution
		{CCCD9D39-A676-4D18-9950-CE1869B5B94D} = {9BB6635F-4F2A-41F1-872D-3ADD8436D85D}
		{75434F9D-9FAC-42B5-8E7F-EACCA96F005B} = {AAA1E04D-F9AD-4A86-878C-FAAE647CD8BD}
	EndGlobalSection
	GlobalSection(ExtensibilityGlobals) = postSolution
		SolutionGuid = {E472D873-FA6A-499A-9884-57AB0A920D8D}
	EndGlobalSection
EndGlobal
